
Microsoft Visual Studio Solution File, Format Version 12.00
# Visual Studio 15
VisualStudioVersion = 15.0.28010.2046
MinimumVisualStudioVersion = 10.0.40219.1
Project("{FAE04EC0-301F-11D3-BF4B-00C04F79EFBC}") = "WebAPI2_Test", "WebAPI2_Test\WebAPI2_Test.csproj", "{8D8022FE-C61D-474F-922D-1F77BAF15F77}"
EndProject
Global
	GlobalSection(SolutionConfigurationPlatforms) = preSolution
		Debug|Any CPU = Debug|Any CPU
		Release|Any CPU = Release|Any CPU
	EndGlobalSection
	GlobalSection(ProjectConfigurationPlatforms) = postSolution
		{8D8022FE-C61D-474F-922D-1F77BAF15F77}.Debug|Any CPU.ActiveCfg = Debug|Any CPU
		{8D8022FE-C61D-474F-922D-1F77BAF15F77}.Debug|Any CPU.Build.0 = Debug|Any CPU
		{8D8022FE-C61D-474F-922D-1F77BAF15F77}.Release|Any CPU.ActiveCfg = Release|Any CPU
		{8D8022FE-C61D-474F-922D-1F77BAF15F77}.Release|Any CPU.Build.0 = Release|Any CPU
	EndGlobalSection
	GlobalSection(SolutionProperties) = preSolution
		HideSolutionNode = FALSE
	EndGlobalSection
	GlobalSection(ExtensibilityGlobals) = postSolution
		SolutionGuid = {94889EF0-1343-4D81-9C2D-04270CD925FF}
	EndGlobalSection
EndGlobal
